lockVersion: 2.0.0
id: 24d370c2-6b03-48a1-b9df-d477b88b9851
management:
  docChecksum: 2cf40a2941d6543b5f4cba7264472820
  docVersion: 1.0.0
  speakeasyVersion: 1.582.0
  generationVersion: 2.657.1
  releaseVersion: 0.1.2
  configChecksum: 649fa356f112bccdf7819db5bfc0c794
  repoURL: https://github.com/StackOneHQ/stackone-client-csharp.git
features:
  csharp:
    additionalDependencies: 0.1.0
    constsAndDefaults: 0.0.1
    core: 3.11.1
    deprecations: 2.81.2
    flattening: 2.81.3
    globalSecurity: 2.83.7
    globalSecurityCallbacks: 0.1.0
    globalServerURLs: 2.82.4
    groups: 2.81.2
    intellisenseMarkdownSupport: 0.1.0
    methodArguments: 0.2.0
    nameOverrides: 2.81.2
    nullables: 0.1.1
    openEnums: 0.1.0
    responseFormat: 0.0.4
    retries: 0.0.1
    sdkHooks: 0.2.0
generatedFiles:
  - .gitattributes
  - StackOne.sln
  - USAGE.md
  - docs/Models/Components/BadRequestResponseHeaders.md
  - docs/Models/Components/ConnectSession.md
  - docs/Models/Components/ConnectSessionAuthenticate.md
  - docs/Models/Components/ConnectSessionCategory.md
  - docs/Models/Components/ConnectSessionCreate.md
  - docs/Models/Components/ConnectSessionCreateCategory.md
  - docs/Models/Components/ConnectSessionCreateMetadata.md
  - docs/Models/Components/ConnectSessionCreateType.md
  - docs/Models/Components/ConnectSessionMetadata.md
  - docs/Models/Components/ConnectSessionTokenAuthLink.md
  - docs/Models/Components/ConnectSessionTokenAuthLinkCategory.md
  - docs/Models/Components/ConnectSessionTokenAuthLinkMetadata.md
  - docs/Models/Components/ConnectSessionTokenAuthLinkType.md
  - docs/Models/Components/ConnectSessionType.md
  - docs/Models/Components/ConnectorsMeta.md
  - docs/Models/Components/ConnectorsMetaCategory.md
  - docs/Models/Components/CustomMappingError.md
  - docs/Models/Components/Data.md
  - docs/Models/Components/HTTPMetadata.md
  - docs/Models/Components/Images.md
  - docs/Models/Components/Label.md
  - docs/Models/Components/LinkedAccount.md
  - docs/Models/Components/LinkedAccountCredentials.md
  - docs/Models/Components/LinkedAccountMeta.md
  - docs/Models/Components/LinkedAccountMetaCategory.md
  - docs/Models/Components/LinkedAccountSetupInformation.md
  - docs/Models/Components/LinkedAccountType.md
  - docs/Models/Components/Method.md
  - docs/Models/Components/PatchAccountExternalDto.md
  - docs/Models/Components/PatchAccountExternalDtoCredentials.md
  - docs/Models/Components/PatchAccountExternalDtoMetadata.md
  - docs/Models/Components/PatchAccountExternalDtoSetupInformation.md
  - docs/Models/Components/PatchAccountExternalDtoType.md
  - docs/Models/Components/ProviderError.md
  - docs/Models/Components/ProviderErrorHeaders.md
  - docs/Models/Components/ProxyRequestBody.md
  - docs/Models/Components/Raw.md
  - docs/Models/Components/Resources.md
  - docs/Models/Components/Secrets.md
  - docs/Models/Components/Security.md
  - docs/Models/Components/Status.md
  - docs/Models/Components/StatusReason.md
  - docs/Models/Components/StepLog.md
  - docs/Models/Components/StepLogPartial.md
  - docs/Models/Components/StepLogRequest.md
  - docs/Models/Components/StepLogResponse.md
  - docs/Models/Components/StepLogUrl.md
  - docs/Models/Components/StepLogsPaginated.md
  - docs/Models/Components/UnifiedLogResult.md
  - docs/Models/Components/UnifiedLogs.md
  - docs/Models/Components/UnifiedLogsPaginated.md
  - docs/Models/Components/UnifiedLogsPartial.md
  - docs/Models/Components/UnifiedLogsRequest.md
  - docs/Models/Components/UnifiedLogsResponse.md
  - docs/Models/Components/UnifiedLogsUrl.md
  - docs/Models/Errors/BadGatewayResponseException.md
  - docs/Models/Errors/BadRequestResponseException.md
  - docs/Models/Errors/ConflictResponseException.md
  - docs/Models/Errors/ForbiddenResponseException.md
  - docs/Models/Errors/InternalServerErrorResponse.md
  - docs/Models/Errors/NotFoundResponseException.md
  - docs/Models/Errors/NotImplementedResponseException.md
  - docs/Models/Errors/PreconditionFailedResponseException.md
  - docs/Models/Errors/RequestTimedOutResponseException.md
  - docs/Models/Errors/TooManyRequestsResponseException.md
  - docs/Models/Errors/UnauthorizedResponseException.md
  - docs/Models/Errors/UnprocessableEntityResponseException.md
  - docs/Models/Requests/FilterOrderBy.md
  - docs/Models/Requests/FilterOrderDirection.md
  - docs/Models/Requests/StackoneAuthenticateConnectSessionResponse.md
  - docs/Models/Requests/StackoneCreateConnectSessionResponse.md
  - docs/Models/Requests/StackoneDeleteAccountRequest.md
  - docs/Models/Requests/StackoneDeleteAccountResponse.md
  - docs/Models/Requests/StackoneGetAccountMetaInfoRequest.md
  - docs/Models/Requests/StackoneGetAccountMetaInfoResponse.md
  - docs/Models/Requests/StackoneGetAccountRequest.md
  - docs/Models/Requests/StackoneGetAccountResponse.md
  - docs/Models/Requests/StackoneGetConnectorMetaRequest.md
  - docs/Models/Requests/StackoneGetConnectorMetaResponse.md
  - docs/Models/Requests/StackoneGetLogInclude.md
  - docs/Models/Requests/StackoneGetLogRequest.md
  - docs/Models/Requests/StackoneGetLogResponse.md
  - docs/Models/Requests/StackoneListConnectorsMetaRequest.md
  - docs/Models/Requests/StackoneListConnectorsMetaResponse.md
  - docs/Models/Requests/StackoneListLinkedAccountsRequest.md
  - docs/Models/Requests/StackoneListLinkedAccountsResponse.md
  - docs/Models/Requests/StackoneListLogsFilter.md
  - docs/Models/Requests/StackoneListLogsInclude.md
  - docs/Models/Requests/StackoneListLogsOrderBy.md
  - docs/Models/Requests/StackoneListLogsOrderDirection.md
  - docs/Models/Requests/StackoneListLogsRequest.md
  - docs/Models/Requests/StackoneListLogsResponse.md
  - docs/Models/Requests/StackoneListStepLogsFilter.md
  - docs/Models/Requests/StackoneListStepLogsOrderBy.md
  - docs/Models/Requests/StackoneListStepLogsOrderDirection.md
  - docs/Models/Requests/StackoneListStepLogsRequest.md
  - docs/Models/Requests/StackoneListStepLogsResponse.md
  - docs/Models/Requests/StackoneProxyRequestRequest.md
  - docs/Models/Requests/StackoneProxyRequestResponse.md
  - docs/Models/Requests/StackoneUpdateAccountRequest.md
  - docs/Models/Requests/StackoneUpdateAccountResponse.md
  - docs/sdks/accounts/README.md
  - docs/sdks/connectors/README.md
  - docs/sdks/connectsessions/README.md
  - docs/sdks/proxy/README.md
  - docs/sdks/requestlogs/README.md
  - docs/sdks/stackone/README.md
  - global.json
  - src/StackOne/Accounts.cs
  - src/StackOne/ConnectSessions.cs
  - src/StackOne/Connectors.cs
  - src/StackOne/Hooks/HookTypes.cs
  - src/StackOne/Hooks/SDKHooks.cs
  - src/StackOne/Models/Components/BadRequestResponseHeaders.cs
  - src/StackOne/Models/Components/ConnectSession.cs
  - src/StackOne/Models/Components/ConnectSessionAuthenticate.cs
  - src/StackOne/Models/Components/ConnectSessionCategory.cs
  - src/StackOne/Models/Components/ConnectSessionCreate.cs
  - src/StackOne/Models/Components/ConnectSessionCreateCategory.cs
  - src/StackOne/Models/Components/ConnectSessionCreateMetadata.cs
  - src/StackOne/Models/Components/ConnectSessionCreateType.cs
  - src/StackOne/Models/Components/ConnectSessionMetadata.cs
  - src/StackOne/Models/Components/ConnectSessionTokenAuthLink.cs
  - src/StackOne/Models/Components/ConnectSessionTokenAuthLinkCategory.cs
  - src/StackOne/Models/Components/ConnectSessionTokenAuthLinkMetadata.cs
  - src/StackOne/Models/Components/ConnectSessionTokenAuthLinkType.cs
  - src/StackOne/Models/Components/ConnectSessionType.cs
  - src/StackOne/Models/Components/ConnectorsMeta.cs
  - src/StackOne/Models/Components/ConnectorsMetaCategory.cs
  - src/StackOne/Models/Components/CustomMappingError.cs
  - src/StackOne/Models/Components/Data.cs
  - src/StackOne/Models/Components/HTTPMetadata.cs
  - src/StackOne/Models/Components/Images.cs
  - src/StackOne/Models/Components/Label.cs
  - src/StackOne/Models/Components/LinkedAccount.cs
  - src/StackOne/Models/Components/LinkedAccountCredentials.cs
  - src/StackOne/Models/Components/LinkedAccountMeta.cs
  - src/StackOne/Models/Components/LinkedAccountMetaCategory.cs
  - src/StackOne/Models/Components/LinkedAccountSetupInformation.cs
  - src/StackOne/Models/Components/LinkedAccountType.cs
  - src/StackOne/Models/Components/Method.cs
  - src/StackOne/Models/Components/PatchAccountExternalDto.cs
  - src/StackOne/Models/Components/PatchAccountExternalDtoCredentials.cs
  - src/StackOne/Models/Components/PatchAccountExternalDtoMetadata.cs
  - src/StackOne/Models/Components/PatchAccountExternalDtoSetupInformation.cs
  - src/StackOne/Models/Components/PatchAccountExternalDtoType.cs
  - src/StackOne/Models/Components/ProviderError.cs
  - src/StackOne/Models/Components/ProviderErrorHeaders.cs
  - src/StackOne/Models/Components/ProxyRequestBody.cs
  - src/StackOne/Models/Components/Raw.cs
  - src/StackOne/Models/Components/Resources.cs
  - src/StackOne/Models/Components/Secrets.cs
  - src/StackOne/Models/Components/Security.cs
  - src/StackOne/Models/Components/Status.cs
  - src/StackOne/Models/Components/StatusReason.cs
  - src/StackOne/Models/Components/StepLog.cs
  - src/StackOne/Models/Components/StepLogPartial.cs
  - src/StackOne/Models/Components/StepLogRequest.cs
  - src/StackOne/Models/Components/StepLogResponse.cs
  - src/StackOne/Models/Components/StepLogUrl.cs
  - src/StackOne/Models/Components/StepLogsPaginated.cs
  - src/StackOne/Models/Components/UnifiedLogResult.cs
  - src/StackOne/Models/Components/UnifiedLogs.cs
  - src/StackOne/Models/Components/UnifiedLogsPaginated.cs
  - src/StackOne/Models/Components/UnifiedLogsPartial.cs
  - src/StackOne/Models/Components/UnifiedLogsRequest.cs
  - src/StackOne/Models/Components/UnifiedLogsResponse.cs
  - src/StackOne/Models/Components/UnifiedLogsUrl.cs
  - src/StackOne/Models/Errors/APIException.cs
  - src/StackOne/Models/Errors/BadGatewayResponseException.cs
  - src/StackOne/Models/Errors/BadRequestResponseException.cs
  - src/StackOne/Models/Errors/ConflictResponseException.cs
  - src/StackOne/Models/Errors/ForbiddenResponseException.cs
  - src/StackOne/Models/Errors/InternalServerErrorResponse.cs
  - src/StackOne/Models/Errors/NotFoundResponseException.cs
  - src/StackOne/Models/Errors/NotImplementedResponseException.cs
  - src/StackOne/Models/Errors/PreconditionFailedResponseException.cs
  - src/StackOne/Models/Errors/RequestTimedOutResponseException.cs
  - src/StackOne/Models/Errors/TooManyRequestsResponseException.cs
  - src/StackOne/Models/Errors/UnauthorizedResponseException.cs
  - src/StackOne/Models/Errors/UnprocessableEntityResponseException.cs
  - src/StackOne/Models/Requests/FilterOrderBy.cs
  - src/StackOne/Models/Requests/FilterOrderDirection.cs
  - src/StackOne/Models/Requests/StackoneAuthenticateConnectSessionResponse.cs
  - src/StackOne/Models/Requests/StackoneCreateConnectSessionResponse.cs
  - src/StackOne/Models/Requests/StackoneDeleteAccountRequest.cs
  - src/StackOne/Models/Requests/StackoneDeleteAccountResponse.cs
  - src/StackOne/Models/Requests/StackoneGetAccountMetaInfoRequest.cs
  - src/StackOne/Models/Requests/StackoneGetAccountMetaInfoResponse.cs
  - src/StackOne/Models/Requests/StackoneGetAccountRequest.cs
  - src/StackOne/Models/Requests/StackoneGetAccountResponse.cs
  - src/StackOne/Models/Requests/StackoneGetConnectorMetaRequest.cs
  - src/StackOne/Models/Requests/StackoneGetConnectorMetaResponse.cs
  - src/StackOne/Models/Requests/StackoneGetLogInclude.cs
  - src/StackOne/Models/Requests/StackoneGetLogRequest.cs
  - src/StackOne/Models/Requests/StackoneGetLogResponse.cs
  - src/StackOne/Models/Requests/StackoneListConnectorsMetaRequest.cs
  - src/StackOne/Models/Requests/StackoneListConnectorsMetaResponse.cs
  - src/StackOne/Models/Requests/StackoneListLinkedAccountsRequest.cs
  - src/StackOne/Models/Requests/StackoneListLinkedAccountsResponse.cs
  - src/StackOne/Models/Requests/StackoneListLogsFilter.cs
  - src/StackOne/Models/Requests/StackoneListLogsInclude.cs
  - src/StackOne/Models/Requests/StackoneListLogsOrderBy.cs
  - src/StackOne/Models/Requests/StackoneListLogsOrderDirection.cs
  - src/StackOne/Models/Requests/StackoneListLogsRequest.cs
  - src/StackOne/Models/Requests/StackoneListLogsResponse.cs
  - src/StackOne/Models/Requests/StackoneListStepLogsFilter.cs
  - src/StackOne/Models/Requests/StackoneListStepLogsOrderBy.cs
  - src/StackOne/Models/Requests/StackoneListStepLogsOrderDirection.cs
  - src/StackOne/Models/Requests/StackoneListStepLogsRequest.cs
  - src/StackOne/Models/Requests/StackoneListStepLogsResponse.cs
  - src/StackOne/Models/Requests/StackoneProxyRequestRequest.cs
  - src/StackOne/Models/Requests/StackoneProxyRequestResponse.cs
  - src/StackOne/Models/Requests/StackoneUpdateAccountRequest.cs
  - src/StackOne/Models/Requests/StackoneUpdateAccountResponse.cs
  - src/StackOne/Proxy.cs
  - src/StackOne/RequestLogs.cs
  - src/StackOne/SDKConfig.cs
  - src/StackOne/StackOne.csproj
  - src/StackOne/StackOneSDK.cs
  - src/StackOne/Utils/AnyDeserializer.cs
  - src/StackOne/Utils/BigIntStrConverter.cs
  - src/StackOne/Utils/DecimalStrConverter.cs
  - src/StackOne/Utils/EnumConverter.cs
  - src/StackOne/Utils/FlexibleObjectDeserializer.cs
  - src/StackOne/Utils/HeaderSerializer.cs
  - src/StackOne/Utils/IsoDateTimeSerializer.cs
  - src/StackOne/Utils/OpenEnumConverter.cs
  - src/StackOne/Utils/RequestBodySerializer.cs
  - src/StackOne/Utils/ResponseBodyDeserializer.cs
  - src/StackOne/Utils/Retries/BackoffStrategy.cs
  - src/StackOne/Utils/Retries/Retries.cs
  - src/StackOne/Utils/Retries/RetryConfig.cs
  - src/StackOne/Utils/SecurityMetadata.cs
  - src/StackOne/Utils/SpeakeasyHttpClient.cs
  - src/StackOne/Utils/SpeakeasyMetadata.cs
  - src/StackOne/Utils/URLBuilder.cs
  - src/StackOne/Utils/Utilities.cs
examples:
  stackone_create_connect_session:
    speakeasy-default-stackone-create-connect-session:
      requestBody:
        application/json: {"categories": ["ats", "hris", "ticketing", "crm", "iam", "marketing", "lms", "iam", "documents", "ticketing", "screening", "messaging", "accounting"], "origin_owner_id": "<id>", "origin_owner_name": "<value>", "expires_in": 1800, "multiple": false, "type": "production"}
      responses:
        "201":
          application/json: {"id": 203.83, "organization_id": 9266.53, "project_id": "<id>", "categories": ["ats", "hris", "hris-legacy", "crm", "iam", "marketing", "lms", "crm", "documents", "ticketing", "screening", "messaging", "accounting"], "origin_owner_id": "<id>", "origin_owner_name": "<value>", "created_at": "2023-01-24T01:30:32.862Z", "external_trigger_token": "f0bc3d88-2178-5423-8c81-b81d6c9da824", "type": "test", "token": "<value>", "auth_link_url": "https://difficult-avalanche.info"}
        "400":
          application/json: {"statusCode": 400, "message": "Bad Request", "timestamp": "2023-05-30T00:00:00.000Z", "data": {"statusCode": 400, "message": "Bad Request", "headers": {}}, "provider_errors": [{"status": 400, "url": "https://api.provider.com/v1/resource", "raw": {}, "headers": {}}]}
        "401":
          application/json: {"statusCode": 401, "message": "Unauthorized", "timestamp": "2023-05-30T00:00:00.000Z"}
        "403":
          application/json: {"statusCode": 403, "message": "Forbidden resource", "timestamp": "2023-05-30T00:00:00.000Z"}
        "404":
          application/json: {"statusCode": 404, "message": "Not Found", "timestamp": "2023-05-30T00:00:00.000Z"}
        "408":
          application/json: {"statusCode": 408, "message": "Request timed out", "timestamp": "2023-05-30T00:00:00.000Z"}
        "409":
          application/json: {"statusCode": 409, "message": "Conflict", "timestamp": "2023-05-30T00:00:00.000Z"}
        "422":
          application/json: {"statusCode": 422, "message": "Unprocessable Entity", "timestamp": "2023-05-30T00:00:00.000Z"}
        "429":
          application/json: {"statusCode": 429, "message": "Too many requests", "timestamp": "2023-05-30T00:00:00.000Z"}
        "500":
          application/json: {"statusCode": 500, "message": "Internal server error", "timestamp": "2023-05-30T00:00:00.000Z"}
        "501":
          application/json: {"statusCode": 501, "message": "Not Implemented", "timestamp": "2023-05-30T00:00:00.000Z"}
        "502":
          application/json: {"statusCode": 502, "message": "Bad Gateway", "timestamp": "2023-05-30T00:00:00.000Z"}
  stackone_authenticate_connect_session:
    speakeasy-default-stackone-authenticate-connect-session:
      requestBody:
        application/json: {"token": "<value>"}
      responses:
        "201":
          application/json: {"id": 8422.01, "organization_id": 9188.03, "project_id": "<id>", "categories": ["ats", "hris", "accounting", "crm", "iam", "marketing", "lms", "stackone", "documents", "ticketing", "screening", "messaging", "accounting"], "origin_owner_id": "<id>", "origin_owner_name": "<value>", "created_at": "2024-10-01T04:59:29.242Z", "external_trigger_token": "f0bc3d88-2178-5423-8c81-b81d6c9da824", "type": "test"}
        "400":
          application/json: {"statusCode": 400, "message": "Bad Request", "timestamp": "2023-05-30T00:00:00.000Z", "data": {"statusCode": 400, "message": "Bad Request", "headers": {}}, "provider_errors": [{"status": 400, "url": "https://api.provider.com/v1/resource", "raw": {}, "headers": {}}]}
        "401":
          application/json: {"statusCode": 401, "message": "Unauthorized", "timestamp": "2023-05-30T00:00:00.000Z"}
        "403":
          application/json: {"statusCode": 403, "message": "Forbidden resource", "timestamp": "2023-05-30T00:00:00.000Z"}
        "404":
          application/json: {"statusCode": 404, "message": "Not Found", "timestamp": "2023-05-30T00:00:00.000Z"}
        "408":
          application/json: {"statusCode": 408, "message": "Request timed out", "timestamp": "2023-05-30T00:00:00.000Z"}
        "409":
          application/json: {"statusCode": 409, "message": "Conflict", "timestamp": "2023-05-30T00:00:00.000Z"}
        "422":
          application/json: {"statusCode": 422, "message": "Unprocessable Entity", "timestamp": "2023-05-30T00:00:00.000Z"}
        "429":
          application/json: {"statusCode": 429, "message": "Too many requests", "timestamp": "2023-05-30T00:00:00.000Z"}
        "500":
          application/json: {"statusCode": 500, "message": "Internal server error", "timestamp": "2023-05-30T00:00:00.000Z"}
        "501":
          application/json: {"statusCode": 501, "message": "Not Implemented", "timestamp": "2023-05-30T00:00:00.000Z"}
        "502":
          application/json: {"statusCode": 502, "message": "Bad Gateway", "timestamp": "2023-05-30T00:00:00.000Z"}
  stackone_list_linked_accounts:
    speakeasy-default-stackone-list-linked-accounts:
      parameters:
        query:
          page_size: 25
      responses:
        "200":
          application/json: [{"id": "<id>", "provider": "<value>", "status": "error", "origin_owner_id": "<id>", "origin_owner_name": "<value>", "created_at": "2023-08-25T20:12:56.347Z", "updated_at": "2024-12-09T07:01:05.023Z", "type": "unmapped_value"}]
        "400":
          application/json: {"statusCode": 400, "message": "Bad Request", "timestamp": "2023-05-30T00:00:00.000Z", "data": {"statusCode": 400, "message": "Bad Request", "headers": {}}, "provider_errors": [{"status": 400, "url": "https://api.provider.com/v1/resource", "raw": {}, "headers": {}}]}
        "401":
          application/json: {"statusCode": 401, "message": "Unauthorized", "timestamp": "2023-05-30T00:00:00.000Z"}
        "403":
          application/json: {"statusCode": 403, "message": "Forbidden resource", "timestamp": "2023-05-30T00:00:00.000Z"}
        "404":
          application/json: {"statusCode": 404, "message": "Not Found", "timestamp": "2023-05-30T00:00:00.000Z"}
        "408":
          application/json: {"statusCode": 408, "message": "Request timed out", "timestamp": "2023-05-30T00:00:00.000Z"}
        "409":
          application/json: {"statusCode": 409, "message": "Conflict", "timestamp": "2023-05-30T00:00:00.000Z"}
        "422":
          application/json: {"statusCode": 422, "message": "Unprocessable Entity", "timestamp": "2023-05-30T00:00:00.000Z"}
        "429":
          application/json: {"statusCode": 429, "message": "Too many requests", "timestamp": "2023-05-30T00:00:00.000Z"}
        "500":
          application/json: {"statusCode": 500, "message": "Internal server error", "timestamp": "2023-05-30T00:00:00.000Z"}
        "501":
          application/json: {"statusCode": 501, "message": "Not Implemented", "timestamp": "2023-05-30T00:00:00.000Z"}
        "502":
          application/json: {"statusCode": 502, "message": "Bad Gateway", "timestamp": "2023-05-30T00:00:00.000Z"}
  stackone_get_account:
    speakeasy-default-stackone-get-account:
      parameters:
        path:
          id: "<id>"
      responses:
        "200":
          application/json: {"id": "<id>", "provider": "<value>", "status": "error", "origin_owner_id": "<id>", "origin_owner_name": "<value>", "created_at": "2025-10-31T21:03:50.339Z", "updated_at": "2024-08-19T21:52:53.834Z", "type": "production"}
        "400":
          application/json: {"statusCode": 400, "message": "Bad Request", "timestamp": "2023-05-30T00:00:00.000Z", "data": {"statusCode": 400, "message": "Bad Request", "headers": {}}, "provider_errors": [{"status": 400, "url": "https://api.provider.com/v1/resource", "raw": {}, "headers": {}}]}
        "401":
          application/json: {"statusCode": 401, "message": "Unauthorized", "timestamp": "2023-05-30T00:00:00.000Z"}
        "403":
          application/json: {"statusCode": 403, "message": "Forbidden resource", "timestamp": "2023-05-30T00:00:00.000Z"}
        "404":
          application/json: {"statusCode": 404, "message": "Not Found", "timestamp": "2023-05-30T00:00:00.000Z"}
        "408":
          application/json: {"statusCode": 408, "message": "Request timed out", "timestamp": "2023-05-30T00:00:00.000Z"}
        "409":
          application/json: {"statusCode": 409, "message": "Conflict", "timestamp": "2023-05-30T00:00:00.000Z"}
        "422":
          application/json: {"statusCode": 422, "message": "Unprocessable Entity", "timestamp": "2023-05-30T00:00:00.000Z"}
        "429":
          application/json: {"statusCode": 429, "message": "Too many requests", "timestamp": "2023-05-30T00:00:00.000Z"}
        "500":
          application/json: {"statusCode": 500, "message": "Internal server error", "timestamp": "2023-05-30T00:00:00.000Z"}
        "501":
          application/json: {"statusCode": 501, "message": "Not Implemented", "timestamp": "2023-05-30T00:00:00.000Z"}
        "502":
          application/json: {"statusCode": 502, "message": "Bad Gateway", "timestamp": "2023-05-30T00:00:00.000Z"}
  stackone_update_account:
    speakeasy-default-stackone-update-account:
      parameters:
        path:
          id: "<id>"
      requestBody:
        application/json: {"type": "test"}
      responses:
        "200":
          application/json: {"id": "<id>", "provider": "<value>", "status": "error", "origin_owner_id": "<id>", "origin_owner_name": "<value>", "created_at": "2025-10-09T05:20:37.883Z", "updated_at": "2023-12-15T05:46:29.205Z", "type": "unmapped_value"}
        "400":
          application/json: {"statusCode": 400, "message": "Bad Request", "timestamp": "2023-05-30T00:00:00.000Z", "data": {"statusCode": 400, "message": "Bad Request", "headers": {}}, "provider_errors": [{"status": 400, "url": "https://api.provider.com/v1/resource", "raw": {}, "headers": {}}]}
        "401":
          application/json: {"statusCode": 401, "message": "Unauthorized", "timestamp": "2023-05-30T00:00:00.000Z"}
        "403":
          application/json: {"statusCode": 403, "message": "Forbidden resource", "timestamp": "2023-05-30T00:00:00.000Z"}
        "404":
          application/json: {"statusCode": 404, "message": "Not Found", "timestamp": "2023-05-30T00:00:00.000Z"}
        "408":
          application/json: {"statusCode": 408, "message": "Request timed out", "timestamp": "2023-05-30T00:00:00.000Z"}
        "409":
          application/json: {"statusCode": 409, "message": "Conflict", "timestamp": "2023-05-30T00:00:00.000Z"}
        "422":
          application/json: {"statusCode": 422, "message": "Unprocessable Entity", "timestamp": "2023-05-30T00:00:00.000Z"}
        "429":
          application/json: {"statusCode": 429, "message": "Too many requests", "timestamp": "2023-05-30T00:00:00.000Z"}
        "500":
          application/json: {"statusCode": 500, "message": "Internal server error", "timestamp": "2023-05-30T00:00:00.000Z"}
        "501":
          application/json: {"statusCode": 501, "message": "Not Implemented", "timestamp": "2023-05-30T00:00:00.000Z"}
        "502":
          application/json: {"statusCode": 502, "message": "Bad Gateway", "timestamp": "2023-05-30T00:00:00.000Z"}
  stackone_delete_account:
    speakeasy-default-stackone-delete-account:
      parameters:
        path:
          id: "<id>"
      responses:
        "200":
          application/json: {"id": "<id>", "provider": "<value>", "status": "error", "origin_owner_id": "<id>", "origin_owner_name": "<value>", "created_at": "2025-02-08T13:24:15.952Z", "updated_at": "2023-10-15T07:09:50.321Z", "type": "test"}
        "400":
          application/json: {"statusCode": 400, "message": "Bad Request", "timestamp": "2023-05-30T00:00:00.000Z", "data": {"statusCode": 400, "message": "Bad Request", "headers": {}}, "provider_errors": [{"status": 400, "url": "https://api.provider.com/v1/resource", "raw": {}, "headers": {}}]}
        "401":
          application/json: {"statusCode": 401, "message": "Unauthorized", "timestamp": "2023-05-30T00:00:00.000Z"}
        "403":
          application/json: {"statusCode": 403, "message": "Forbidden resource", "timestamp": "2023-05-30T00:00:00.000Z"}
        "404":
          application/json: {"statusCode": 404, "message": "Not Found", "timestamp": "2023-05-30T00:00:00.000Z"}
        "408":
          application/json: {"statusCode": 408, "message": "Request timed out", "timestamp": "2023-05-30T00:00:00.000Z"}
        "409":
          application/json: {"statusCode": 409, "message": "Conflict", "timestamp": "2023-05-30T00:00:00.000Z"}
        "422":
          application/json: {"statusCode": 422, "message": "Unprocessable Entity", "timestamp": "2023-05-30T00:00:00.000Z"}
        "429":
          application/json: {"statusCode": 429, "message": "Too many requests", "timestamp": "2023-05-30T00:00:00.000Z"}
        "500":
          application/json: {"statusCode": 500, "message": "Internal server error", "timestamp": "2023-05-30T00:00:00.000Z"}
        "501":
          application/json: {"statusCode": 501, "message": "Not Implemented", "timestamp": "2023-05-30T00:00:00.000Z"}
        "502":
          application/json: {"statusCode": 502, "message": "Bad Gateway", "timestamp": "2023-05-30T00:00:00.000Z"}
  stackone_get_account_meta_info:
    speakeasy-default-stackone-get-account-meta-info:
      parameters:
        path:
          id: "<id>"
      responses:
        "200":
          application/json: {"provider": "<value>", "category": "screening", "models": {"key": "<value>", "key1": "<value>", "key2": "<value>"}}
        "400":
          application/json: {"statusCode": 400, "message": "Bad Request", "timestamp": "2023-05-30T00:00:00.000Z", "data": {"statusCode": 400, "message": "Bad Request", "headers": {}}, "provider_errors": [{"status": 400, "url": "https://api.provider.com/v1/resource", "raw": {}, "headers": {}}]}
        "401":
          application/json: {"statusCode": 401, "message": "Unauthorized", "timestamp": "2023-05-30T00:00:00.000Z"}
        "403":
          application/json: {"statusCode": 403, "message": "Forbidden resource", "timestamp": "2023-05-30T00:00:00.000Z"}
        "404":
          application/json: {"statusCode": 404, "message": "Not Found", "timestamp": "2023-05-30T00:00:00.000Z"}
        "408":
          application/json: {"statusCode": 408, "message": "Request timed out", "timestamp": "2023-05-30T00:00:00.000Z"}
        "409":
          application/json: {"statusCode": 409, "message": "Conflict", "timestamp": "2023-05-30T00:00:00.000Z"}
        "422":
          application/json: {"statusCode": 422, "message": "Unprocessable Entity", "timestamp": "2023-05-30T00:00:00.000Z"}
        "429":
          application/json: {"statusCode": 429, "message": "Too many requests", "timestamp": "2023-05-30T00:00:00.000Z"}
        "500":
          application/json: {"statusCode": 500, "message": "Internal server error", "timestamp": "2023-05-30T00:00:00.000Z"}
        "501":
          application/json: {"statusCode": 501, "message": "Not Implemented", "timestamp": "2023-05-30T00:00:00.000Z"}
        "502":
          application/json: {"statusCode": 502, "message": "Bad Gateway", "timestamp": "2023-05-30T00:00:00.000Z"}
  stackone_list_step_logs:
    speakeasy-default-stackone-list-step-logs:
      parameters:
        query:
          order_by: "eventDatetime"
          order_direction: "asc"
          filter: {"account_ids": "45355976281015164504,45355976281015164505", "start_date": "2020-01-01T00:00:00.000Z", "end_date": "2020-01-01T00:00:00.000Z", "request_ids": "adbf752f-6457-4ddd-89b3-98ae2252b83b,adbf752f-6457-4ddd-89b3-98ae2252b83c", "http_methods": "GET,POST", "providers": "ashby,greenhouse", "services": "hris,ats", "resources": "employees,users", "child_resources": "documents,time-off", "sub_resources": "documents,employees", "actions": "download,upload", "status_codes": "200,400", "success": true}
      responses:
        "200":
          application/json: {"data": [{"request_id": "adbf752f-6457-4ddd-89b3-98ae2252b83b", "start_time": "2021-01-01T00:00:00Z", "end_time": "2021-01-01T00:00:00Z", "account_id": "45355976281015164504", "project_id": "dev-project-68574", "http_method": "get", "path": "/unified/hris/employees", "url": "https://api.stackone.com/unified/hris/employees?raw=false", "status": 200, "duration": 356, "success": true, "provider": "planday", "service": "hris", "resource": "employees", "child_resource": "time-off", "sub_resource": "documents", "action": "download", "is_worker": false, "id": "adbf752f-6457-4ddd-89b3-98ae2252b83b"}]}
        "400":
          application/json: {"statusCode": 400, "message": "Bad Request", "timestamp": "2023-05-30T00:00:00.000Z", "data": {"statusCode": 400, "message": "Bad Request", "headers": {}}, "provider_errors": [{"status": 400, "url": "https://api.provider.com/v1/resource", "raw": {}, "headers": {}}]}
        "401":
          application/json: {"statusCode": 401, "message": "Unauthorized", "timestamp": "2023-05-30T00:00:00.000Z"}
        "403":
          application/json: {"statusCode": 403, "message": "Forbidden resource", "timestamp": "2023-05-30T00:00:00.000Z"}
        "404":
          application/json: {"statusCode": 404, "message": "Not Found", "timestamp": "2023-05-30T00:00:00.000Z"}
        "408":
          application/json: {"statusCode": 408, "message": "Request timed out", "timestamp": "2023-05-30T00:00:00.000Z"}
        "409":
          application/json: {"statusCode": 409, "message": "Conflict", "timestamp": "2023-05-30T00:00:00.000Z"}
        "422":
          application/json: {"statusCode": 422, "message": "Unprocessable Entity", "timestamp": "2023-05-30T00:00:00.000Z"}
        "429":
          application/json: {"statusCode": 429, "message": "Too many requests", "timestamp": "2023-05-30T00:00:00.000Z"}
        "500":
          application/json: {"statusCode": 500, "message": "Internal server error", "timestamp": "2023-05-30T00:00:00.000Z"}
        "501":
          application/json: {"statusCode": 501, "message": "Not Implemented", "timestamp": "2023-05-30T00:00:00.000Z"}
        "502":
          application/json: {"statusCode": 502, "message": "Bad Gateway", "timestamp": "2023-05-30T00:00:00.000Z"}
  stackone_get_log:
    speakeasy-default-stackone-get-log:
      parameters:
        path:
          id: "<id>"
        query:
          include: "step_logs"
      responses:
        "200":
          application/json: {"data": {"request_id": "adbf752f-6457-4ddd-89b3-98ae2252b83b", "event_datetime": "2021-01-01T00:00:00Z", "start_time": "2021-01-01T00:00:00Z", "end_time": "2021-01-01T00:00:00Z", "account_id": "45355976281015164504", "project_id": "dev-project-68574", "http_method": "get", "path": "/unified/hris/employees", "url": "https://api.stackone.com/unified/hris/employees?raw=false", "status": 200, "duration": 356, "success": true, "provider": "planday", "service": "hris", "resource": "employees", "child_resource": "time-off", "sub_resource": "documents", "action": "download", "is_worker": false, "source_type": "DASHBOARD", "source_value": "ACCOUNT_TESTER", "source_id": "1234567890", "request": {"id": "adbf752f-6457-4ddd-89b3-98ae2252b83b", "method": "get", "headers": {"content-type": "application/json", "authorization": "Bearer token"}, "url": {"url": "https://example.com/api/v1/resource", "hostname": "example.com", "path": "/api/v1/resource", "query_params": {"page": 1, "limit": 10}}}, "response": {"status_code": 200, "headers": {"content-type": "application/json", "authorization": "Bearer token"}, "custom_mapping_errors": [{"id": "adbf752f-6457-4ddd-89b3-98ae2252b83b", "message": "Invalid value", "targetField": "first_name"}], "provider_errors": [{"status": 400, "url": "https://api.provider.com/v1/resource", "raw": {}, "headers": {}}]}, "step_requests": [{"request_id": "adbf752f-6457-4ddd-89b3-98ae2252b83b", "start_time": "2021-01-01T00:00:00Z", "end_time": "2021-01-01T00:00:00Z", "account_id": "45355976281015164504", "project_id": "dev-project-68574", "http_method": "get", "path": "/unified/hris/employees", "url": "https://api.stackone.com/unified/hris/employees?raw=false", "status": 200, "duration": 356, "success": true, "provider": "planday", "service": "hris", "resource": "employees", "child_resource": "time-off", "sub_resource": "documents", "action": "download", "is_worker": false, "id": "adbf752f-6457-4ddd-89b3-98ae2252b83b", "request": {"id": "adbf752f-6457-4ddd-89b3-98ae2252b83b", "method": "get", "headers": {"content-type": "application/json", "authorization": "Bearer token"}, "url": {"url": "https://example.com/api/v1/resource", "hostname": "example.com", "path": "/api/v1/resource", "query_params": {"page": 1, "limit": 10}}}, "response": {"status_code": 200, "headers": {"content-type": "application/json", "authorization": "Bearer token"}, "custom_mapping_errors": [{"id": "adbf752f-6457-4ddd-89b3-98ae2252b83b", "message": "Invalid value", "targetField": "first_name"}], "provider_errors": [{"status": 400, "url": "https://api.provider.com/v1/resource", "raw": {}, "headers": {}}]}}]}}
        "400":
          application/json: {"statusCode": 400, "message": "Bad Request", "timestamp": "2023-05-30T00:00:00.000Z", "data": {"statusCode": 400, "message": "Bad Request", "headers": {}}, "provider_errors": [{"status": 400, "url": "https://api.provider.com/v1/resource", "raw": {}, "headers": {}}]}
        "401":
          application/json: {"statusCode": 401, "message": "Unauthorized", "timestamp": "2023-05-30T00:00:00.000Z"}
        "403":
          application/json: {"statusCode": 403, "message": "Forbidden resource", "timestamp": "2023-05-30T00:00:00.000Z"}
        "404":
          application/json: {"statusCode": 404, "message": "Not Found", "timestamp": "2023-05-30T00:00:00.000Z"}
        "408":
          application/json: {"statusCode": 408, "message": "Request timed out", "timestamp": "2023-05-30T00:00:00.000Z"}
        "409":
          application/json: {"statusCode": 409, "message": "Conflict", "timestamp": "2023-05-30T00:00:00.000Z"}
        "422":
          application/json: {"statusCode": 422, "message": "Unprocessable Entity", "timestamp": "2023-05-30T00:00:00.000Z"}
        "429":
          application/json: {"statusCode": 429, "message": "Too many requests", "timestamp": "2023-05-30T00:00:00.000Z"}
        "500":
          application/json: {"statusCode": 500, "message": "Internal server error", "timestamp": "2023-05-30T00:00:00.000Z"}
        "501":
          application/json: {"statusCode": 501, "message": "Not Implemented", "timestamp": "2023-05-30T00:00:00.000Z"}
        "502":
          application/json: {"statusCode": 502, "message": "Bad Gateway", "timestamp": "2023-05-30T00:00:00.000Z"}
  stackone_list_logs:
    speakeasy-default-stackone-list-logs:
      parameters:
        query:
          order_by: "duration"
          order_direction: "asc"
          include: "step_logs"
          filter: {"account_ids": "45355976281015164504,45355976281015164505", "start_date": "2020-01-01T00:00:00.000Z", "end_date": "2020-01-01T00:00:00.000Z", "request_ids": "adbf752f-6457-4ddd-89b3-98ae2252b83b,adbf752f-6457-4ddd-89b3-98ae2252b83c", "source_types": "DASHBOARD,SYNTHETIC_WEBHOOK", "http_methods": "GET,POST", "providers": "ashby,greenhouse", "services": "hris,ats", "resources": "employees,users", "child_resources": "documents,time-off", "sub_resources": "documents,employees", "actions": "download,upload", "status_codes": "200,400", "success": true, "order_by": "duration", "order_direction": "asc"}
      responses:
        "200":
          application/json: {"data": [{"request_id": "adbf752f-6457-4ddd-89b3-98ae2252b83b", "event_datetime": "2021-01-01T00:00:00Z", "start_time": "2021-01-01T00:00:00Z", "end_time": "2021-01-01T00:00:00Z", "account_id": "45355976281015164504", "project_id": "dev-project-68574", "http_method": "get", "path": "/unified/hris/employees", "url": "https://api.stackone.com/unified/hris/employees?raw=false", "status": 200, "duration": 356, "success": true, "provider": "planday", "service": "hris", "resource": "employees", "child_resource": "time-off", "sub_resource": "documents", "action": "download", "is_worker": false, "source_type": "DASHBOARD", "source_value": "ACCOUNT_TESTER", "source_id": "1234567890", "step_requests": [{"request_id": "adbf752f-6457-4ddd-89b3-98ae2252b83b", "start_time": "2021-01-01T00:00:00Z", "end_time": "2021-01-01T00:00:00Z", "account_id": "45355976281015164504", "project_id": "dev-project-68574", "http_method": "get", "path": "/unified/hris/employees", "url": "https://api.stackone.com/unified/hris/employees?raw=false", "status": 200, "duration": 356, "success": true, "provider": "planday", "service": "hris", "resource": "employees", "child_resource": "time-off", "sub_resource": "documents", "action": "download", "is_worker": false, "id": "adbf752f-6457-4ddd-89b3-98ae2252b83b"}]}]}
        "400":
          application/json: {"statusCode": 400, "message": "Bad Request", "timestamp": "2023-05-30T00:00:00.000Z", "data": {"statusCode": 400, "message": "Bad Request", "headers": {}}, "provider_errors": [{"status": 400, "url": "https://api.provider.com/v1/resource", "raw": {}, "headers": {}}]}
        "401":
          application/json: {"statusCode": 401, "message": "Unauthorized", "timestamp": "2023-05-30T00:00:00.000Z"}
        "403":
          application/json: {"statusCode": 403, "message": "Forbidden resource", "timestamp": "2023-05-30T00:00:00.000Z"}
        "404":
          application/json: {"statusCode": 404, "message": "Not Found", "timestamp": "2023-05-30T00:00:00.000Z"}
        "408":
          application/json: {"statusCode": 408, "message": "Request timed out", "timestamp": "2023-05-30T00:00:00.000Z"}
        "409":
          application/json: {"statusCode": 409, "message": "Conflict", "timestamp": "2023-05-30T00:00:00.000Z"}
        "422":
          application/json: {"statusCode": 422, "message": "Unprocessable Entity", "timestamp": "2023-05-30T00:00:00.000Z"}
        "429":
          application/json: {"statusCode": 429, "message": "Too many requests", "timestamp": "2023-05-30T00:00:00.000Z"}
        "500":
          application/json: {"statusCode": 500, "message": "Internal server error", "timestamp": "2023-05-30T00:00:00.000Z"}
        "501":
          application/json: {"statusCode": 501, "message": "Not Implemented", "timestamp": "2023-05-30T00:00:00.000Z"}
        "502":
          application/json: {"statusCode": 502, "message": "Bad Gateway", "timestamp": "2023-05-30T00:00:00.000Z"}
  stackone_list_connectors_meta:
    speakeasy-default-stackone-list-connectors-meta:
      parameters:
        query:
          include: "field_path,unmapped_fields,resources,inactive,webhooks,static_fields"
      responses:
        "200":
          application/json: [{"provider": "hibob", "provider_name": "Hibob", "category": "hris", "active": true, "models": {"employees": {"create": {"apiPath": "/unified/hris/employees/:id", "input": {"defaultFields": [{"name": "first_name", "type": "string"}]}, "output": {"defaultFields": [{"name": "id", "type": "string"}]}}}, "time_off": {"get": {"apiPath": "/unified/hris/employees/:id/time_off/:id", "output": {"defaultFields": [{"name": "id", "type": "string"}]}}}}, "resources": {"images": {"logo_url": "https://app.stackone.com/assets/logos/hibob.png", "original_logo_horizontal_url": "https://app.stackone.com/assets/logos/original/hibob_horizontal.png"}}}]
        "400":
          application/json: {"statusCode": 400, "message": "Bad Request", "timestamp": "2023-05-30T00:00:00.000Z", "data": {"statusCode": 400, "message": "Bad Request", "headers": {}}, "provider_errors": null}
        "401":
          application/json: {"statusCode": 401, "message": "Unauthorized", "timestamp": "2023-05-30T00:00:00.000Z"}
        "403":
          application/json: {"statusCode": 403, "message": "Forbidden resource", "timestamp": "2023-05-30T00:00:00.000Z"}
        "404":
          application/json: {"statusCode": 404, "message": "Not Found", "timestamp": "2023-05-30T00:00:00.000Z"}
        "408":
          application/json: {"statusCode": 408, "message": "Request timed out", "timestamp": "2023-05-30T00:00:00.000Z"}
        "409":
          application/json: {"statusCode": 409, "message": "Conflict", "timestamp": "2023-05-30T00:00:00.000Z"}
        "422":
          application/json: {"statusCode": 422, "message": "Unprocessable Entity", "timestamp": "2023-05-30T00:00:00.000Z"}
        "429":
          application/json: {"statusCode": 429, "message": "Too many requests", "timestamp": "2023-05-30T00:00:00.000Z"}
        "500":
          application/json: {"statusCode": 500, "message": "Internal server error", "timestamp": "2023-05-30T00:00:00.000Z"}
        "501":
          application/json: {"statusCode": 501, "message": "Not Implemented", "timestamp": "2023-05-30T00:00:00.000Z"}
        "502":
          application/json: {"statusCode": 502, "message": "Bad Gateway", "timestamp": "2023-05-30T00:00:00.000Z"}
  stackone_get_connector_meta:
    speakeasy-default-stackone-get-connector-meta:
      parameters:
        path:
          provider: "<value>"
        query:
          include: "field_path,unmapped_fields,resources,inactive,webhooks,static_fields"
      responses:
        "200":
          application/json: {"provider": "hibob", "provider_name": "Hibob", "category": "hris", "active": true, "models": {"employees": {"create": {"apiPath": "/unified/hris/employees/:id", "input": {"defaultFields": [{"name": "first_name", "type": "string"}]}, "output": {"defaultFields": [{"name": "id", "type": "string"}]}}}, "time_off": {"get": {"apiPath": "/unified/hris/employees/:id/time_off/:id", "output": {"defaultFields": [{"name": "id", "type": "string"}]}}}}, "resources": {"images": {"logo_url": "https://app.stackone.com/assets/logos/hibob.png", "original_logo_horizontal_url": "https://app.stackone.com/assets/logos/original/hibob_horizontal.png"}}}
        "400":
          application/json: {"statusCode": 400, "message": "Bad Request", "timestamp": "2023-05-30T00:00:00.000Z", "data": {"statusCode": 400, "message": "Bad Request", "headers": {}}, "provider_errors": [{"status": 400, "url": "https://api.provider.com/v1/resource", "raw": {}, "headers": {}}]}
        "401":
          application/json: {"statusCode": 401, "message": "Unauthorized", "timestamp": "2023-05-30T00:00:00.000Z"}
        "403":
          application/json: {"statusCode": 403, "message": "Forbidden resource", "timestamp": "2023-05-30T00:00:00.000Z"}
        "404":
          application/json: {"statusCode": 404, "message": "Not Found", "timestamp": "2023-05-30T00:00:00.000Z"}
        "408":
          application/json: {"statusCode": 408, "message": "Request timed out", "timestamp": "2023-05-30T00:00:00.000Z"}
        "409":
          application/json: {"statusCode": 409, "message": "Conflict", "timestamp": "2023-05-30T00:00:00.000Z"}
        "422":
          application/json: {"statusCode": 422, "message": "Unprocessable Entity", "timestamp": "2023-05-30T00:00:00.000Z"}
        "429":
          application/json: {"statusCode": 429, "message": "Too many requests", "timestamp": "2023-05-30T00:00:00.000Z"}
        "500":
          application/json: {"statusCode": 500, "message": "Internal server error", "timestamp": "2023-05-30T00:00:00.000Z"}
        "501":
          application/json: {"statusCode": 501, "message": "Not Implemented", "timestamp": "2023-05-30T00:00:00.000Z"}
        "502":
          application/json: {"statusCode": 502, "message": "Bad Gateway", "timestamp": "2023-05-30T00:00:00.000Z"}
  stackone_proxy_request:
    speakeasy-default-stackone-proxy-request:
      parameters:
        header:
          x-account-id: "<id>"
      requestBody:
        application/json: {"url": "https://api.sample-integration.com/v1", "method": "get", "path": "/employees/directory", "headers": {"Content-Type": "application/json"}}
      responses:
        "400":
          application/json: {"statusCode": 400, "message": "Bad Request", "timestamp": "2023-05-30T00:00:00.000Z", "data": {"statusCode": 400, "message": "Bad Request", "headers": {}}, "provider_errors": [{"status": 400, "url": "https://api.provider.com/v1/resource", "raw": {}, "headers": {}}]}
        "401":
          application/json: {"statusCode": 401, "message": "Unauthorized", "timestamp": "2023-05-30T00:00:00.000Z"}
        "403":
          application/json: {"statusCode": 403, "message": "Forbidden resource", "timestamp": "2023-05-30T00:00:00.000Z"}
        "404":
          application/json: {"statusCode": 404, "message": "Not Found", "timestamp": "2023-05-30T00:00:00.000Z"}
        "408":
          application/json: {"statusCode": 408, "message": "Request timed out", "timestamp": "2023-05-30T00:00:00.000Z"}
        "409":
          application/json: {"statusCode": 409, "message": "Conflict", "timestamp": "2023-05-30T00:00:00.000Z"}
        "412":
          application/json: {"statusCode": 412, "message": "Precondition failed", "timestamp": "2023-05-30T00:00:00.000Z"}
        "422":
          application/json: {"statusCode": 422, "message": "Unprocessable Entity", "timestamp": "2023-05-30T00:00:00.000Z"}
        "429":
          application/json: {"statusCode": 429, "message": "Too many requests", "timestamp": "2023-05-30T00:00:00.000Z"}
        "500":
          application/json: {"statusCode": 500, "message": "Internal server error", "timestamp": "2023-05-30T00:00:00.000Z"}
        "501":
          application/json: {"statusCode": 501, "message": "Not Implemented", "timestamp": "2023-05-30T00:00:00.000Z"}
        "502":
          application/json: {"statusCode": 502, "message": "Bad Gateway", "timestamp": "2023-05-30T00:00:00.000Z"}
examplesVersion: 1.0.2
