speakeasyVersion: 1.583.1
sources:
    StackOne:
        sourceNamespace: stack-one
        sourceRevisionDigest: sha256:44c64fe88a2a651e997d8229dc95e7bd307edc7ce545a734a3f7404f765cb94c
        sourceBlobDigest: sha256:e30e02518f46e4c52047752352dfb8fed94d228ba21351d56dc1839a89728bb8
        tags:
            - latest
            - speakeasy-sdk-regen-1753113194
            - 1.0.0
targets:
    stack-one:
        source: StackOne
        sourceNamespace: stack-one
        sourceRevisionDigest: sha256:44c64fe88a2a651e997d8229dc95e7bd307edc7ce545a734a3f7404f765cb94c
        sourceBlobDigest: sha256:e30e02518f46e4c52047752352dfb8fed94d228ba21351d56dc1839a89728bb8
        codeSamplesNamespace: stack-one-csharp-code-samples
        codeSamplesRevisionDigest: sha256:2645a740393181cecbf05a362d7c497038c669a1cfcd1ee6617ef69eb772f5d5
workflow:
    workflowVersion: 1.0.0
    speakeasyVersion: latest
    sources:
        StackOne:
            inputs:
                - location: https://api.eu1.stackone.com/oas/stackone.json
                - location: https://api.eu1.stackone.com/oas/hris.json
                - location: https://api.eu1.stackone.com/oas/ats.json
                - location: https://api.eu1.stackone.com/oas/crm.json
                - location: https://api.eu1.stackone.com/oas/iam.json
                - location: https://api.eu1.stackone.com/oas/marketing.json
                - location: https://api.eu1.stackone.com/oas/lms.json
                - location: https://api.eu1.stackone.com/oas/ticketing.json
                - location: https://api.eu1.stackone.com/oas/documents.json
            overlays:
                - location: .speakeasy/speakeasy-modifications-overlay.yaml
            output: .speakeasy/out.openapi.yaml
            registry:
                location: registry.speakeasyapi.dev/stackone/stackone/stack-one
    targets:
        stack-one:
            target: csharp
            source: StackOne
            publish:
                nuget:
                    apiKey: $nuget_api_key
            codeSamples:
                registry:
                    location: registry.speakeasyapi.dev/stackone/stackone/stack-one-csharp-code-samples
                labelOverride:
                    fixedValue: Csharp (SDK)
                blocking: false
