speakeasyVersion: 1.665.0
sources:
    StackOne:
        sourceNamespace: stack-one
        sourceRevisionDigest: sha256:fc8497d4887a0c7fdf01889eebbab4fb3b1a74fd2aeb8597bc037f90d7f91a9f
        sourceBlobDigest: sha256:cdb70ea4bc6c201561fa3726de3a721983ad9a56bc485bc69f71baf3fc0b631b
        tags:
            - latest
            - speakeasy-sdk-regen-1764579970
            - 1.0.0
targets:
    stack-one:
        source: StackOne
        sourceNamespace: stack-one
        sourceRevisionDigest: sha256:fc8497d4887a0c7fdf01889eebbab4fb3b1a74fd2aeb8597bc037f90d7f91a9f
        sourceBlobDigest: sha256:cdb70ea4bc6c201561fa3726de3a721983ad9a56bc485bc69f71baf3fc0b631b
        codeSamplesNamespace: stack-one-csharp-code-samples
        codeSamplesRevisionDigest: sha256:b0b1e1795b5cc4b2794d9b93c47d5e46d74110f790112b67dd335b2f98671782
workflow:
    workflowVersion: 1.0.0
    speakeasyVersion: latest
    sources:
        StackOne:
            inputs:
                - location: https://api.eu1.stackone.com/oas/stackone.json
                - location: https://api.eu1.stackone.com/oas/hris.json
                - location: https://api.eu1.stackone.com/oas/ats.json
                - location: https://api.eu1.stackone.com/oas/crm.json
                - location: https://api.eu1.stackone.com/oas/iam.json
                - location: https://api.eu1.stackone.com/oas/marketing.json
                - location: https://api.eu1.stackone.com/oas/lms.json
                - location: https://api.eu1.stackone.com/oas/ticketing.json
                - location: https://api.eu1.stackone.com/oas/documents.json
                - location: https://api.eu1.stackone.com/oas/messaging.json
                - location: https://api.eu1.stackone.com/oas/accounting.json
            overlays:
                - location: .speakeasy/speakeasy-modifications-overlay.yaml
            output: .speakeasy/out.openapi.yaml
            registry:
                location: registry.speakeasyapi.dev/stackone/stackone/stack-one
    targets:
        stack-one:
            target: csharp
            source: StackOne
            publish:
                nuget:
                    apiKey: $nuget_api_key
            codeSamples:
                registry:
                    location: registry.speakeasyapi.dev/stackone/stackone/stack-one-csharp-code-samples
                labelOverride:
                    fixedValue: Csharp (SDK)
                blocking: false
